
Microsoft Visual Studio Solution File, Format Version 12.00
# Visual Studio Version 17
VisualStudioVersion = 17.14.36429.23 d17.14
MinimumVisualStudioVersion = 10.0.40219.1
Project("{FAE04EC0-301F-11D3-BF4B-00C04F79EFBC}") = "Logicke_operatory", "Logicke_operatory\Logicke_operatory.csproj", "{2EE64462-D84F-4FE5-B9C0-13E82695AAB3}"
EndProject
Global
	GlobalSection(SolutionConfigurationPlatforms) = preSolution
		Debug|Any CPU = Debug|Any CPU
		Release|Any CPU = Release|Any CPU
	EndGlobalSection
	GlobalSection(ProjectConfigurationPlatforms) = postSolution
		{2EE64462-D84F-4FE5-B9C0-13E82695AAB3}.Debug|Any CPU.ActiveCfg = Debug|Any CPU
		{2EE64462-D84F-4FE5-B9C0-13E82695AAB3}.Debug|Any CPU.Build.0 = Debug|Any CPU
		{2EE64462-D84F-4FE5-B9C0-13E82695AAB3}.Release|Any CPU.ActiveCfg = Release|Any CPU
		{2EE64462-D84F-4FE5-B9C0-13E82695AAB3}.Release|Any CPU.Build.0 = Release|Any CPU
	EndGlobalSection
	GlobalSection(SolutionProperties) = preSolution
		HideSolutionNode = FALSE
	EndGlobalSection
	GlobalSection(ExtensibilityGlobals) = postSolution
		SolutionGuid = {38FF3CED-F49F-4ABA-BF3D-32D095F5DF5F}
	EndGlobalSection
EndGlobal
