
Microsoft Visual Studio Solution File, Format Version 12.00
# Visual Studio Version 17
VisualStudioVersion = 17.14.36811.4 d17.14
MinimumVisualStudioVersion = 10.0.40219.1
Project("{FAE04EC0-301F-11D3-BF4B-00C04F79EFBC}") = "Prace_txt", "Prace_txt\Prace_txt.csproj", "{27421072-C694-43FA-88DC-944697C3B4A5}"
EndProject
Global
	GlobalSection(SolutionConfigurationPlatforms) = preSolution
		Debug|Any CPU = Debug|Any CPU
		Release|Any CPU = Release|Any CPU
	EndGlobalSection
	GlobalSection(ProjectConfigurationPlatforms) = postSolution
		{27421072-C694-43FA-88DC-944697C3B4A5}.Debug|Any CPU.ActiveCfg = Debug|Any CPU
		{27421072-C694-43FA-88DC-944697C3B4A5}.Debug|Any CPU.Build.0 = Debug|Any CPU
		{27421072-C694-43FA-88DC-944697C3B4A5}.Release|Any CPU.ActiveCfg = Release|Any CPU
		{27421072-C694-43FA-88DC-944697C3B4A5}.Release|Any CPU.Build.0 = Release|Any CPU
	EndGlobalSection
	GlobalSection(SolutionProperties) = preSolution
		HideSolutionNode = FALSE
	EndGlobalSection
	GlobalSection(ExtensibilityGlobals) = postSolution
		SolutionGuid = {233308F4-CAD1-4627-AF61-192135949B3C}
	EndGlobalSection
EndGlobal
