
Microsoft Visual Studio Solution File, Format Version 12.00
# Visual Studio Version 17
VisualStudioVersion = 17.14.36429.23 d17.14
MinimumVisualStudioVersion = 10.0.40219.1
Project("{FAE04EC0-301F-11D3-BF4B-00C04F79EFBC}") = "Cyklus_While_Uvod", "Cyklus_While_Uvod\Cyklus_While_Uvod.csproj", "{DF2F674C-B77F-4B21-96E5-E6EDAF731921}"
EndProject
Global
	GlobalSection(SolutionConfigurationPlatforms) = preSolution
		Debug|Any CPU = Debug|Any CPU
		Release|Any CPU = Release|Any CPU
	EndGlobalSection
	GlobalSection(ProjectConfigurationPlatforms) = postSolution
		{DF2F674C-B77F-4B21-96E5-E6EDAF731921}.Debug|Any CPU.ActiveCfg = Debug|Any CPU
		{DF2F674C-B77F-4B21-96E5-E6EDAF731921}.Debug|Any CPU.Build.0 = Debug|Any CPU
		{DF2F674C-B77F-4B21-96E5-E6EDAF731921}.Release|Any CPU.ActiveCfg = Release|Any CPU
		{DF2F674C-B77F-4B21-96E5-E6EDAF731921}.Release|Any CPU.Build.0 = Release|Any CPU
	EndGlobalSection
	GlobalSection(SolutionProperties) = preSolution
		HideSolutionNode = FALSE
	EndGlobalSection
	GlobalSection(ExtensibilityGlobals) = postSolution
		SolutionGuid = {CFC1B6A3-4AAD-4AEB-804F-58FAE0258C69}
	EndGlobalSection
EndGlobal
