
Microsoft Visual Studio Solution File, Format Version 12.00
# Visual Studio Version 17
VisualStudioVersion = 17.14.36429.23 d17.14
MinimumVisualStudioVersion = 10.0.40219.1
Project("{FAE04EC0-301F-11D3-BF4B-00C04F79EFBC}") = "Sifra_zmenZnak", "Sifra_zmenZnak\Sifra_zmenZnak.csproj", "{76EFECC3-6E5A-4EC4-A90E-5D0ECCD286FA}"
EndProject
Global
	GlobalSection(SolutionConfigurationPlatforms) = preSolution
		Debug|Any CPU = Debug|Any CPU
		Release|Any CPU = Release|Any CPU
	EndGlobalSection
	GlobalSection(ProjectConfigurationPlatforms) = postSolution
		{76EFECC3-6E5A-4EC4-A90E-5D0ECCD286FA}.Debug|Any CPU.ActiveCfg = Debug|Any CPU
		{76EFECC3-6E5A-4EC4-A90E-5D0ECCD286FA}.Debug|Any CPU.Build.0 = Debug|Any CPU
		{76EFECC3-6E5A-4EC4-A90E-5D0ECCD286FA}.Release|Any CPU.ActiveCfg = Release|Any CPU
		{76EFECC3-6E5A-4EC4-A90E-5D0ECCD286FA}.Release|Any CPU.Build.0 = Release|Any CPU
	EndGlobalSection
	GlobalSection(SolutionProperties) = preSolution
		HideSolutionNode = FALSE
	EndGlobalSection
	GlobalSection(ExtensibilityGlobals) = postSolution
		SolutionGuid = {2691DB80-0284-4E31-B8A7-BC7F20462CB4}
	EndGlobalSection
EndGlobal
