
Microsoft Visual Studio Solution File, Format Version 12.00
# Visual Studio Version 17
VisualStudioVersion = 17.14.36811.4 d17.14
MinimumVisualStudioVersion = 10.0.40219.1
Project("{FAE04EC0-301F-11D3-BF4B-00C04F79EFBC}") = "Uvod_Metody", "Uvod_Metody\Uvod_Metody.csproj", "{D78D5BC6-BBD2-4919-BF06-9EF9B45DEF24}"
EndProject
Global
	GlobalSection(SolutionConfigurationPlatforms) = preSolution
		Debug|Any CPU = Debug|Any CPU
		Release|Any CPU = Release|Any CPU
	EndGlobalSection
	GlobalSection(ProjectConfigurationPlatforms) = postSolution
		{D78D5BC6-BBD2-4919-BF06-9EF9B45DEF24}.Debug|Any CPU.ActiveCfg = Debug|Any CPU
		{D78D5BC6-BBD2-4919-BF06-9EF9B45DEF24}.Debug|Any CPU.Build.0 = Debug|Any CPU
		{D78D5BC6-BBD2-4919-BF06-9EF9B45DEF24}.Release|Any CPU.ActiveCfg = Release|Any CPU
		{D78D5BC6-BBD2-4919-BF06-9EF9B45DEF24}.Release|Any CPU.Build.0 = Release|Any CPU
	EndGlobalSection
	GlobalSection(SolutionProperties) = preSolution
		HideSolutionNode = FALSE
	EndGlobalSection
	GlobalSection(ExtensibilityGlobals) = postSolution
		SolutionGuid = {8AEE1C36-355F-4E85-BB55-CF10602AF9C6}
	EndGlobalSection
EndGlobal
