
Microsoft Visual Studio Solution File, Format Version 12.00
# Visual Studio Version 17
VisualStudioVersion = 17.14.36811.4 d17.14
MinimumVisualStudioVersion = 10.0.40219.1
Project("{FAE04EC0-301F-11D3-BF4B-00C04F79EFBC}") = "Garaz_Kolekce", "Garaz_Kolekce\Garaz_Kolekce.csproj", "{88692D75-2DB3-44DE-8616-03B7BAB04794}"
EndProject
Global
	GlobalSection(SolutionConfigurationPlatforms) = preSolution
		Debug|Any CPU = Debug|Any CPU
		Release|Any CPU = Release|Any CPU
	EndGlobalSection
	GlobalSection(ProjectConfigurationPlatforms) = postSolution
		{88692D75-2DB3-44DE-8616-03B7BAB04794}.Debug|Any CPU.ActiveCfg = Debug|Any CPU
		{88692D75-2DB3-44DE-8616-03B7BAB04794}.Debug|Any CPU.Build.0 = Debug|Any CPU
		{88692D75-2DB3-44DE-8616-03B7BAB04794}.Release|Any CPU.ActiveCfg = Release|Any CPU
		{88692D75-2DB3-44DE-8616-03B7BAB04794}.Release|Any CPU.Build.0 = Release|Any CPU
	EndGlobalSection
	GlobalSection(SolutionProperties) = preSolution
		HideSolutionNode = FALSE
	EndGlobalSection
	GlobalSection(ExtensibilityGlobals) = postSolution
		SolutionGuid = {CA9018C0-62A6-4127-AAEB-3E773097B187}
	EndGlobalSection
EndGlobal
