
Microsoft Visual Studio Solution File, Format Version 12.00
# Visual Studio Version 17
VisualStudioVersion = 17.14.36811.4 d17.14
MinimumVisualStudioVersion = 10.0.40219.1
Project("{FAE04EC0-301F-11D3-BF4B-00C04F79EFBC}") = "Proc_Diagonaly", "Proc_Diagonaly\Proc_Diagonaly.csproj", "{2634EE71-F71F-4BDD-8BF7-A517F051F8F9}"
EndProject
Global
	GlobalSection(SolutionConfigurationPlatforms) = preSolution
		Debug|Any CPU = Debug|Any CPU
		Release|Any CPU = Release|Any CPU
	EndGlobalSection
	GlobalSection(ProjectConfigurationPlatforms) = postSolution
		{2634EE71-F71F-4BDD-8BF7-A517F051F8F9}.Debug|Any CPU.ActiveCfg = Debug|Any CPU
		{2634EE71-F71F-4BDD-8BF7-A517F051F8F9}.Debug|Any CPU.Build.0 = Debug|Any CPU
		{2634EE71-F71F-4BDD-8BF7-A517F051F8F9}.Release|Any CPU.ActiveCfg = Release|Any CPU
		{2634EE71-F71F-4BDD-8BF7-A517F051F8F9}.Release|Any CPU.Build.0 = Release|Any CPU
	EndGlobalSection
	GlobalSection(SolutionProperties) = preSolution
		HideSolutionNode = FALSE
	EndGlobalSection
	GlobalSection(ExtensibilityGlobals) = postSolution
		SolutionGuid = {36A14E06-A5AF-4974-84D2-005140F2EBF8}
	EndGlobalSection
EndGlobal
