
Microsoft Visual Studio Solution File, Format Version 12.00
# Visual Studio Version 17
VisualStudioVersion = 17.14.36811.4 d17.14
MinimumVisualStudioVersion = 10.0.40219.1
Project("{FAE04EC0-301F-11D3-BF4B-00C04F79EFBC}") = "Scitani_Poli", "Scitani_Poli\Scitani_Poli.csproj", "{0F6EE041-B943-4F04-9618-489130A8E3A7}"
EndProject
Global
	GlobalSection(SolutionConfigurationPlatforms) = preSolution
		Debug|Any CPU = Debug|Any CPU
		Release|Any CPU = Release|Any CPU
	EndGlobalSection
	GlobalSection(ProjectConfigurationPlatforms) = postSolution
		{0F6EE041-B943-4F04-9618-489130A8E3A7}.Debug|Any CPU.ActiveCfg = Debug|Any CPU
		{0F6EE041-B943-4F04-9618-489130A8E3A7}.Debug|Any CPU.Build.0 = Debug|Any CPU
		{0F6EE041-B943-4F04-9618-489130A8E3A7}.Release|Any CPU.ActiveCfg = Release|Any CPU
		{0F6EE041-B943-4F04-9618-489130A8E3A7}.Release|Any CPU.Build.0 = Release|Any CPU
	EndGlobalSection
	GlobalSection(SolutionProperties) = preSolution
		HideSolutionNode = FALSE
	EndGlobalSection
	GlobalSection(ExtensibilityGlobals) = postSolution
		SolutionGuid = {651071DE-0FC6-4086-AAF5-FEAF655304F2}
	EndGlobalSection
EndGlobal
